
Microsoft Visual Studio Solution File, Format Version 12.00
# Visual Studio Version 16
VisualStudioVersion = 16.0.31624.102
MinimumVisualStudioVersion = 10.0.40219.1
Project("{FAE04EC0-301F-11D3-BF4B-00C04F79EFBC}") = "FinalProject", "FinalProject\FinalProject.csproj", "{2062BAFE-63B7-4E31-B50C-8CFE66E1D1D4}"
	ProjectSection(ProjectDependencies) = postProject
		{208341BC-0B0D-4DA0-ABDB-D698E710AF3E} = {208341BC-0B0D-4DA0-ABDB-D698E710AF3E}
	EndProjectSection
EndProject
Project("{FAE04EC0-301F-11D3-BF4B-00C04F79EFBC}") = "service1", "service1\service1.csproj", "{208341BC-0B0D-4DA0-ABDB-D698E710AF3E}"
EndProject
Project("{FAE04EC0-301F-11D3-BF4B-00C04F79EFBC}") = "ClassLibraryDLL", "ClassLibraryDLL\ClassLibraryDLL.csproj", "{CE2D1E8F-3CA0-455B-8F75-D26795058909}"
EndProject
Global
	GlobalSection(SolutionConfigurationPlatforms) = preSolution
		Debug|Any CPU = Debug|Any CPU
		Release|Any CPU = Release|Any CPU
	EndGlobalSection
	GlobalSection(ProjectConfigurationPlatforms) = postSolution
		{2062BAFE-63B7-4E31-B50C-8CFE66E1D1D4}.Debug|Any CPU.ActiveCfg = Debug|Any CPU
		{2062BAFE-63B7-4E31-B50C-8CFE66E1D1D4}.Debug|Any CPU.Build.0 = Debug|Any CPU
		{2062BAFE-63B7-4E31-B50C-8CFE66E1D1D4}.Release|Any CPU.ActiveCfg = Release|Any CPU
		{2062BAFE-63B7-4E31-B50C-8CFE66E1D1D4}.Release|Any CPU.Build.0 = Release|Any CPU
		{208341BC-0B0D-4DA0-ABDB-D698E710AF3E}.Debug|Any CPU.ActiveCfg = Debug|Any CPU
		{208341BC-0B0D-4DA0-ABDB-D698E710AF3E}.Debug|Any CPU.Build.0 = Debug|Any CPU
		{208341BC-0B0D-4DA0-ABDB-D698E710AF3E}.Release|Any CPU.ActiveCfg = Release|Any CPU
		{208341BC-0B0D-4DA0-ABDB-D698E710AF3E}.Release|Any CPU.Build.0 = Release|Any CPU
		{CE2D1E8F-3CA0-455B-8F75-D26795058909}.Debug|Any CPU.ActiveCfg = Debug|Any CPU
		{CE2D1E8F-3CA0-455B-8F75-D26795058909}.Debug|Any CPU.Build.0 = Debug|Any CPU
		{CE2D1E8F-3CA0-455B-8F75-D26795058909}.Release|Any CPU.ActiveCfg = Release|Any CPU
		{CE2D1E8F-3CA0-455B-8F75-D26795058909}.Release|Any CPU.Build.0 = Release|Any CPU
	EndGlobalSection
	GlobalSection(SolutionProperties) = preSolution
		HideSolutionNode = FALSE
	EndGlobalSection
	GlobalSection(ExtensibilityGlobals) = postSolution
		SolutionGuid = {BDA64585-BF55-49ED-8F80-F117B3FC1E10}
	EndGlobalSection
EndGlobal
